
Microsoft Visual Studio Solution File, Format Version 12.00
# Visual Studio Version 16
VisualStudioVersion = 16.0.29911.84
MinimumVisualStudioVersion = 10.0.40219.1
Project("{FAE04EC0-301F-11D3-BF4B-00C04F79EFBC}") = "OfflineOszi", "OfflineOszi\OfflineOszi.csproj", "{11506FDE-5306-4139-91B3-3949964FDC17}"
EndProject
Global
	GlobalSection(SolutionConfigurationPlatforms) = preSolution
		Debug|Any CPU = Debug|Any CPU
		Release|Any CPU = Release|Any CPU
	EndGlobalSection
	GlobalSection(ProjectConfigurationPlatforms) = postSolution
		{11506FDE-5306-4139-91B3-3949964FDC17}.Debug|Any CPU.ActiveCfg = Debug|Any CPU
		{11506FDE-5306-4139-91B3-3949964FDC17}.Debug|Any CPU.Build.0 = Debug|Any CPU
		{11506FDE-5306-4139-91B3-3949964FDC17}.Release|Any CPU.ActiveCfg = Release|Any CPU
		{11506FDE-5306-4139-91B3-3949964FDC17}.Release|Any CPU.Build.0 = Release|Any CPU
	EndGlobalSection
	GlobalSection(SolutionProperties) = preSolution
		HideSolutionNode = FALSE
	EndGlobalSection
	GlobalSection(ExtensibilityGlobals) = postSolution
		SolutionGuid = {5EAC0CF1-02C3-49FF-B802-257A500491FA}
	EndGlobalSection
EndGlobal
